
Microsoft Visual Studio Solution File, Format Version 12.00
# Visual Studio Version 17
VisualStudioVersion = 17.6.33829.357
MinimumVisualStudioVersion = 10.0.40219.1
Project("{FAE04EC0-301F-11D3-BF4B-00C04F79EFBC}") = "MyWebApiApp", "MyWebApiApp\MyWebApiApp.csproj", "{A843B470-F68E-43BD-A8E5-AC976A6DC589}"
EndProject
Global
	GlobalSection(SolutionConfigurationPlatforms) = preSolution
		Debug|Any CPU = Debug|Any CPU
		Release|Any CPU = Release|Any CPU
	EndGlobalSection
	GlobalSection(ProjectConfigurationPlatforms) = postSolution
		{A843B470-F68E-43BD-A8E5-AC976A6DC589}.Debug|Any CPU.ActiveCfg = Debug|Any CPU
		{A843B470-F68E-43BD-A8E5-AC976A6DC589}.Debug|Any CPU.Build.0 = Debug|Any CPU
		{A843B470-F68E-43BD-A8E5-AC976A6DC589}.Release|Any CPU.ActiveCfg = Release|Any CPU
		{A843B470-F68E-43BD-A8E5-AC976A6DC589}.Release|Any CPU.Build.0 = Release|Any CPU
	EndGlobalSection
	GlobalSection(SolutionProperties) = preSolution
		HideSolutionNode = FALSE
	EndGlobalSection
	GlobalSection(ExtensibilityGlobals) = postSolution
		SolutionGuid = {8F351C8D-6E2D-44D2-909E-DDE9F382595F}
	EndGlobalSection
EndGlobal
